<Solution>
  <Project Path="Warehouse.Application/Warehouse.Application.csproj" />
  <Project Path="Warehouse.Domain/Warehouse.Domain.csproj" />
  <Project Path="Warehouse.Infrastructure/Warehouse.Infrastructure.csproj" />
  <Project Path="Warehouse.Presentation/Warehouse.Presentation.csproj" />
</Solution>
